{
    "_meta": {
        "hash": {
            "sha256": "da81ac60833d55bc7f5555d2c6ba2d023a52cbf51f8ef4641e37b2d733dd126f"
        },
        "pipfile-spec": 6,
        "requires": {},
        "sources": [
            {
                "name": "pypi",
                "url": "https://pypi.org/simple",
                "verify_ssl": true
            }
        ]
    },
    "default": {
        "attrs": {
            "hashes": [
                "sha256:29adc2665447e5191d0e7c568fde78b21f9672d344281d0c6e1ab085429b22b6",
                "sha256:86efa402f67bf2df34f51a335487cf46b1ec130d02b8d39fd248abfd30da551c"
            ],
            "markers": "python_version >= '3.5'",
            "version": "==22.1.0"
        },
        "certifi": {
            "hashes": [
                "sha256:0d9c601124e5a6ba9712dbc60d9c53c21e34f5f641fe83002317394311bdce14",
                "sha256:90c1a32f1d68f940488354e36370f6cca89f0f106db09518524c88d6ed83f382"
            ],
            "markers": "python_version >= '3.6'",
            "version": "==2022.9.24"
        },
        "click": {
            "hashes": [
                "sha256:7682dc8afb30297001674575ea00d1814d808d6a36af415a82bd481d37ba7b8e",
                "sha256:bb4d8133cb15a609f44e8213d9b391b0809795062913b383c62be0ee95b1db48"
            ],
            "markers": "python_version >= '3.7'",
            "version": "==8.1.3"
        },
        "click-plugins": {
            "hashes": [
                "sha256:46ab999744a9d831159c3411bb0c79346d94a444df9a3a3742e9ed63645f264b",
                "sha256:5d262006d3222f5057fd81e1623d4443e41dcda5dc815c06b442aa3c02889fc8"
            ],
            "version": "==1.1.1"
        },
        "cligj": {
            "hashes": [
                "sha256:a4bc13d623356b373c2c27c53dbd9c68cae5d526270bfa71f6c6fa69669c6b27",
                "sha256:c1ca117dbce1fe20a5809dc96f01e1c2840f6dcc939b3ddbb1111bf330ba82df"
            ],
            "markers": "python_version >= '2.7' and python_version not in '3.0, 3.1, 3.2' and python_version < '4'",
            "version": "==0.7.2"
        },
        "fiona": {
            "hashes": [
                "sha256:085f18d943097ac3396f3f9664ac1ae04ad0ff272f54829f03442187f01b6116",
                "sha256:11532ccfda1073d3f5f558e4bb78d45b268e8680fd6e14993a394c564ddbd069",
                "sha256:315e186cb880a8128e110312eb92f5956bbc54d7152af999d3483b463758d6f9",
                "sha256:3789523c811809a6e2e170cf9c437631f959f4c7a868f024081612d30afab468",
                "sha256:388acc9fa07ba7858d508dfe826d4b04d813818bced16c4049de19cc7ca322ef",
                "sha256:39c656421e25b4d0d73d0b6acdcbf9848e71f3d9b74f44c27d2d516d463409ae",
                "sha256:3a0edca2a7a070db405d71187214a43d2333a57b4097544a3fcc282066a58bfc",
                "sha256:40b4eaf5b88407421d6c9e707520abd2ff16d7cd43efb59cd398aa41d2de332c",
                "sha256:43b1d2e45506e56cf3a9f59ba5d6f7981f3f75f4725d1e6cb9a33ba856371ebd",
                "sha256:9fb2407623c4f44732a33b3f056f8c58c54152b51f0324bf8f10945e711eb549",
                "sha256:b69054ed810eb7339d7effa88589afca48003206d7627d0b0b149715fc3fde41"
            ],
            "index": "pypi",
            "version": "==1.8.21"
        },
        "geopandas": {
            "hashes": [
                "sha256:f0f0c8d0423d30cf81de2056d853145c4362739350a7f8f2d72cc7409ef1eca1",
                "sha256:f3344937f3866e52996c7e505d56dae78be117dc840cd1c23507da0b33c0af71"
            ],
            "index": "pypi",
            "version": "==0.11.1"
        },
        "munch": {
            "hashes": [
                "sha256:2d735f6f24d4dba3417fa448cae40c6e896ec1fdab6cdb5e6510999758a4dbd2",
                "sha256:6f44af89a2ce4ed04ff8de41f70b226b984db10a91dcc7b9ac2efc1c77022fdd"
            ],
            "version": "==2.5.0"
        },
        "numpy": {
            "hashes": [
                "sha256:0fe563fc8ed9dc4474cbf70742673fc4391d70f4363f917599a7fa99f042d5a8",
                "sha256:12ac457b63ec8ded85d85c1e17d85efd3c2b0967ca39560b307a35a6703a4735",
                "sha256:2341f4ab6dba0834b685cce16dad5f9b6606ea8a00e6da154f5dbded70fdc4dd",
                "sha256:296d17aed51161dbad3c67ed6d164e51fcd18dbcd5dd4f9d0a9c6055dce30810",
                "sha256:488a66cb667359534bc70028d653ba1cf307bae88eab5929cd707c761ff037db",
                "sha256:4d52914c88b4930dafb6c48ba5115a96cbab40f45740239d9f4159c4ba779962",
                "sha256:5e13030f8793e9ee42f9c7d5777465a560eb78fa7e11b1c053427f2ccab90c79",
                "sha256:61be02e3bf810b60ab74e81d6d0d36246dbfb644a462458bb53b595791251911",
                "sha256:7607b598217745cc40f751da38ffd03512d33ec06f3523fb0b5f82e09f6f676d",
                "sha256:7a70a7d3ce4c0e9284e92285cba91a4a3f5214d87ee0e95928f3614a256a1488",
                "sha256:7ab46e4e7ec63c8a5e6dbf5c1b9e1c92ba23a7ebecc86c336cb7bf3bd2fb10e5",
                "sha256:8981d9b5619569899666170c7c9748920f4a5005bf79c72c07d08c8a035757b0",
                "sha256:8c053d7557a8f022ec823196d242464b6955a7e7e5015b719e76003f63f82d0f",
                "sha256:926db372bc4ac1edf81cfb6c59e2a881606b409ddc0d0920b988174b2e2a767f",
                "sha256:95d79ada05005f6f4f337d3bb9de8a7774f259341c70bc88047a1f7b96a4bcb2",
                "sha256:95de7dc7dc47a312f6feddd3da2500826defdccbc41608d0031276a24181a2c0",
                "sha256:a0882323e0ca4245eb0a3d0a74f88ce581cc33aedcfa396e415e5bba7bf05f68",
                "sha256:a8365b942f9c1a7d0f0dc974747d99dd0a0cdfc5949a33119caf05cb314682d3",
                "sha256:a8aae2fb3180940011b4862b2dd3756616841c53db9734b27bb93813cd79fce6",
                "sha256:c237129f0e732885c9a6076a537e974160482eab8f10db6292e92154d4c67d71",
                "sha256:c67b833dbccefe97cdd3f52798d430b9d3430396af7cdb2a0c32954c3ef73894",
                "sha256:ce03305dd694c4873b9429274fd41fc7eb4e0e4dea07e0af97a933b079a5814f",
                "sha256:d331afac87c92373826af83d2b2b435f57b17a5c74e6268b79355b970626e329",
                "sha256:dada341ebb79619fe00a291185bba370c9803b1e1d7051610e01ed809ef3a4ba",
                "sha256:ed2cc92af0efad20198638c69bb0fc2870a58dabfba6eb722c933b48556c686c",
                "sha256:f260da502d7441a45695199b4e7fd8ca87db659ba1c78f2bbf31f934fe76ae0e",
                "sha256:f2f390aa4da44454db40a1f0201401f9036e8d578a25f01a6e237cea238337ef",
                "sha256:f76025acc8e2114bb664294a07ede0727aa75d63a06d2fae96bf29a81747e4a7"
            ],
            "markers": "python_version >= '3.10'",
            "version": "==1.23.4"
        },
        "packaging": {
            "hashes": [
                "sha256:dd47c42927d89ab911e606518907cc2d3a1f38bbd026385970643f9c5b8ecfeb",
                "sha256:ef103e05f519cdc783ae24ea4e2e0f508a9c99b2d4969652eed6a2e1ea5bd522"
            ],
            "markers": "python_version >= '3.6'",
            "version": "==21.3"
        },
        "pandas": {
            "hashes": [
                "sha256:0d8d7433d19bfa33f11c92ad9997f15a902bda4f5ad3a4814a21d2e910894484",
                "sha256:1642fc6138b4e45d57a12c1b464a01a6d868c0148996af23f72dde8d12486bbc",
                "sha256:171cef540bfcec52257077816a4dbbac152acdb8236ba11d3196ae02bf0959d8",
                "sha256:1b82ccc7b093e0a93f8dffd97a542646a3e026817140e2c01266aaef5fdde11b",
                "sha256:1d34b1f43d9e3f4aea056ba251f6e9b143055ebe101ed04c847b41bb0bb4a989",
                "sha256:207d63ac851e60ec57458814613ef4b3b6a5e9f0b33c57623ba2bf8126c311f8",
                "sha256:2504c032f221ef9e4a289f5e46a42b76f5e087ecb67d62e342ccbba95a32a488",
                "sha256:33a9d9e21ab2d91e2ab6e83598419ea6a664efd4c639606b299aae8097c1c94f",
                "sha256:3ee61b881d2f64dd90c356eb4a4a4de75376586cd3c9341c6c0fcaae18d52977",
                "sha256:41aec9f87455306496d4486df07c1b98c15569c714be2dd552a6124cd9fda88f",
                "sha256:4e30a31039574d96f3d683df34ccb50bb435426ad65793e42a613786901f6761",
                "sha256:5cc47f2ebaa20ef96ae72ee082f9e101b3dfbf74f0e62c7a12c0b075a683f03c",
                "sha256:62e61003411382e20d7c2aec1ee8d7c86c8b9cf46290993dd8a0a3be44daeb38",
                "sha256:73844e247a7b7dac2daa9df7339ecf1fcf1dfb8cbfd11e3ffe9819ae6c31c515",
                "sha256:85a516a7f6723ca1528f03f7851fa8d0360d1d6121cf15128b290cf79b8a7f6a",
                "sha256:86d87279ebc5bc20848b4ceb619073490037323f80f515e0ec891c80abad958a",
                "sha256:8a4fc04838615bf0a8d3a03ed68197f358054f0df61f390bcc64fbe39e3d71ec",
                "sha256:8e8e5edf97d8793f51d258c07c629bd49d271d536ce15d66ac00ceda5c150eb3",
                "sha256:947ed9f896ee61adbe61829a7ae1ade493c5a28c66366ec1de85c0642009faac",
                "sha256:a68a9b9754efff364b0c5ee5b0f18e15ca640c01afe605d12ba8b239ca304d6b",
                "sha256:c76f1d104844c5360c21d2ef0e1a8b2ccf8b8ebb40788475e255b9462e32b2be",
                "sha256:c7f38d91f21937fe2bec9449570d7bf36ad7136227ef43b321194ec249e2149d",
                "sha256:de34636e2dc04e8ac2136a8d3c2051fd56ebe9fd6cd185581259330649e73ca9",
                "sha256:e178ce2d7e3b934cf8d01dc2d48d04d67cb0abfaffdcc8aa6271fd5a436f39c8",
                "sha256:e252a9e49b233ff96e2815c67c29702ac3a062098d80a170c506dff3470fd060",
                "sha256:e9c5049333c5bebf993033f4bf807d163e30e8fada06e1da7fa9db86e2392009",
                "sha256:fc987f7717e53d372f586323fff441263204128a1ead053c1b98d7288f836ac9"
            ],
            "index": "pypi",
            "version": "==1.5.0"
        },
        "pyparsing": {
            "hashes": [
                "sha256:2b020ecf7d21b687f219b71ecad3631f644a47f01403fa1d1036b0c6416d70fb",
                "sha256:5026bae9a10eeaefb61dab2f09052b9f4307d44aee4eda64b309723d8d206bbc"
            ],
            "markers": "python_full_version >= '3.6.8'",
            "version": "==3.0.9"
        },
        "pyproj": {
            "hashes": [
                "sha256:0fff9c3a991508f16027be27d153f6c5583d03799443639d13c681e60f49e2d7",
                "sha256:12f62c20656ac9b6076ebb213e9a635d52f4f01fef95310121d337e62e910cb6",
                "sha256:14ad113b5753c6057f9b2f3c85a6497cef7fa237c4328f2943c0223e98c1dde6",
                "sha256:1f9c100fd0fd80edbc7e4daa303600a8cbef6f0de43d005617acb38276b88dc0",
                "sha256:221d8939685e0c43ee594c9f04b6a73a10e8e1cc0e85f28be0b4eb2f1bc8777d",
                "sha256:25a36e297f3e0524694d40259e3e895edc1a47492a0e30608268ffc1328e3f5d",
                "sha256:2cb8592259ea54e7557523b079d3f2304081680bdb48bfbf0fd879ee6156129c",
                "sha256:3b85acf09e5a9e35cd9ee72989793adb7089b4e611be02a43d3d0bda50ad116b",
                "sha256:45554f47d1a12a84b0620e4abc08a2a1b5d9f273a4759eaef75e74788ec7162a",
                "sha256:4688b4cd62cbd86b5e855f9e27d90fbb53f2b4c2ea1cd394a46919e1a4151b89",
                "sha256:47ad53452ae1dc8b0bf1df920a210bb5616989085aa646592f8681f1d741a754",
                "sha256:48787962232109bad8b72e27949037a9b03591228a6955f25dbe451233e8648a",
                "sha256:4a23d84c5ffc383c7d9f0bde3a06fc1f6697b1b96725597f8f01e7b4bef0a2b5",
                "sha256:4e161114bc92701647a83c4bbce79489984f12d980cabb365516e953d1450885",
                "sha256:4fd425ee8b6781c249c7adb7daa2e6c41ce573afabe4f380f5eecd913b56a3be",
                "sha256:52e54796e2d9554a5eb8f11df4748af1fbbc47f76aa234d6faf09216a84554c5",
                "sha256:5816807ca0bdc7256558770c6206a6783a3f02bcf844f94ee245f197bb5f7285",
                "sha256:65a0bcdbad95b3c00b419e5d75b1f7e450ec17349b5ea16bf7438ac1d50a12a2",
                "sha256:77d5f519f3cdb94b026ecca626f78db4f041afe201cf082079c8c0092a30b087",
                "sha256:82200b4569d68b421c079d2973475b58d5959306fe758b43366e79fe96facfe5",
                "sha256:954b068136518b3174d0a99448056e97af62b63392a95c420894f7de2229dae6",
                "sha256:9a496d9057b2128db9d733e66b206f2d5954bbae6b800d412f562d780561478c",
                "sha256:a454a7c4423faa2a14e939d08ef293ee347fa529c9df79022b0585a6e1d8310c",
                "sha256:a708445927ace9857f52c3ba67d2915da7b41a8fdcd9b8f99a4c9ed60a75eb33",
                "sha256:aa5171f700f174777a9e9ed8f4655583243967c0f9cf2c90e3f54e54ff740134",
                "sha256:ccb4b70ad25218027f77e0c8934d10f9b7cdf91d5e64080147743d58fddbc3c0",
                "sha256:d94afed99f31673d3d19fe750283621e193e2a53ca9e0443bf9d092c3905833b",
                "sha256:e7e609903572a56cca758bbaee5c1663c3e829ddce5eec4f368e68277e37022b",
                "sha256:f343725566267a296b09ee7e591894f1fdc90f84f8ad5ec476aeb53bd4479c07",
                "sha256:f80adda8c54b84271a93829477a01aa57bc178c834362e9f74e1de1b5033c74c"
            ],
            "markers": "python_version >= '3.8'",
            "version": "==3.4.0"
        },
        "python-dateutil": {
            "hashes": [
                "sha256:0123cacc1627ae19ddf3c27a5de5bd67ee4586fbdd6440d9748f8abb483d3e86",
                "sha256:961d03dc3453ebbc59dbdea9e4e11c5651520a876d0f4db161e8674aae935da9"
            ],
            "markers": "python_version >= '2.7' and python_version not in '3.0, 3.1, 3.2'",
            "version": "==2.8.2"
        },
        "pytz": {
            "hashes": [
                "sha256:2c0784747071402c6e99f0bafdb7da0fa22645f06554c7ae06bf6358897e9c91",
                "sha256:48ce799d83b6f8aab2020e369b627446696619e79645419610b9facd909b3174"
            ],
            "version": "==2022.4"
        },
        "setuptools": {
            "hashes": [
                "sha256:1b6bdc6161661409c5f21508763dc63ab20a9ac2f8ba20029aaaa7fdb9118012",
                "sha256:3050e338e5871e70c72983072fe34f6032ae1cdeeeb67338199c2f74e083a80e"
            ],
            "markers": "python_version >= '3.7'",
            "version": "==65.4.1"
        },
        "shapely": {
            "hashes": [
                "sha256:045a9a5ba872431c7559020c6761983e4a0c13c9a0eb7fa93e427b4451f2d8cc",
                "sha256:0d014b1d072f2f5b166c9cf57a58507089570b1839a83e14a308df56d467b809",
                "sha256:0e6172d2e9e77aed7b6515bc68eefe623e5be7b865ced4b9892b5205166e2931",
                "sha256:1500f7d9fbe47c02298694e282dbd9cd30f6dbd33f0bd2efd0712bf907d9a2b7",
                "sha256:1512eb7222f4a00ec4d9c81762bd15ed622fa5e06dd9fe64721db6a5fc3345fe",
                "sha256:17f1a4f0ba88e8f53975845af312a276e557e7bac8f0572e8b5805705739c892",
                "sha256:1aa924b11d53fe817c4e5b14ac0c8e980913b9b5f15e01c23a35e3ee53cccf41",
                "sha256:1c6198da94fc993049fc2d31bd183f4f4de4f33f70be8437a9807ae8788c069c",
                "sha256:221c9bd94d286b6941b3f86cbebead24c3f54cbac2cb02fb6746fd768be73b80",
                "sha256:27238d6890f409b0744c4d740413698bbb94d8cf5249406c4668ca28ade8df3b",
                "sha256:2c86c9006b266c64bc1b9c0c0ebc20eff8fcce1bc06d4db13bbfbac9e5e2d910",
                "sha256:4c9a777bf999eca65ecf9f90821f6c699f72633f1f2fe4ca3fa829e6114fdb45",
                "sha256:52f5b61ee2998a75e5bcadb609036bfd626ec472fc456241150bc95a9088c89c",
                "sha256:57df87c68e58050546fda07963d2f87a7e16db57029eb67239d27732f65f40d1",
                "sha256:6baf62a648c8745de3fb69e96a5ef93b1854159dd9c85527978e68fc2b062f76",
                "sha256:72ee40adae74ab93b6cf13d71f7183de8f91b077296a8788e791097703aa279d",
                "sha256:7a840e7d96a01e6da6725a002dab662a1dbd1f5d53a6433f7fdbaf2a1322576b",
                "sha256:81c1286a1e46d1224bec8c1dba8f174b286710df796b4256198e64d1e987dfc9",
                "sha256:8a1545c3e539516e87f5c4a96d5a76c623e385e5defe7555b7b26232043c9c5c",
                "sha256:999952cf8ed7a033debf7d2715d7029e7f1a1144eb1bdefabe0d64aa4c9910cd",
                "sha256:a0a5621d68ac371162768f1a05a91bcf64ac5f00a517458db5b8d8896c8e4743",
                "sha256:a43b3ba408f00c6588e174f6fb4dba5739fdee87af2e186ed7e8caece6b91568",
                "sha256:a8ad6ebec3b39af4890a59a027ad60e7fece5bfd71ecc998da7b03e5f414d32a",
                "sha256:a9a660dae5780fac8bdccaa2c68ca9ddcddb5d55330be47869fa9a8f55cb9580",
                "sha256:b0b60993adb141b5a1ff7f94fc512f9be69320be6e8757d32c460f25359d51f5",
                "sha256:b1216ec40baf505dba006bfa0a7ced6b2334261925841fa23fafcdb26d9b1f54",
                "sha256:ba4d98a117ead8b49c2cc8723eb071f04da03d6eb59f340eb51364581bb6c9e0",
                "sha256:bd55b14fa82d54bf9d7eba4d11c6d9d61f96ab0ffe530c6eb7cd3bb9a6590153",
                "sha256:bd598f7373e1b5f317a3117d388a68b3c165fa15d5aa7de042848a1acbe4c18d",
                "sha256:bffeab5498ac32e014845f675d6c4d7a85cba42cbc76ee794da828faf3c12ba6",
                "sha256:c1f2f125b785d468c08ee698472716355b54d8cbd69f7f09081893b4e4111e3f",
                "sha256:dbc8b2ed8e7655c0b33abbb5c8c74013699fe29d2ca15f354b6e1abd29f0ed7a",
                "sha256:e82b6d60ecfb124120c88fe106a478596bbeab142116d7e7f64a364dac902a92",
                "sha256:eca890915cbebc879c96cfc1b7ff51a09a2326c9f94b6b3e13d6d3cdfc659ed9"
            ],
            "index": "pypi",
            "version": "==1.8.5"
        },
        "six": {
            "hashes": [
                "sha256:1e61c37477a1626458e36f7b1d82aa5c9b094fa4802892072e49de9c60c4c926",
                "sha256:8abb2f1d86890a2dfb989f9a77cfcfd3e47c2a354b01111771326f8aa26e0254"
            ],
            "markers": "python_version >= '2.7' and python_version not in '3.0, 3.1, 3.2'",
            "version": "==1.16.0"
        }
    },
    "develop": {}
}
